
Microsoft Visual Studio Solution File, Format Version 12.00
# Visual Studio Version 17
VisualStudioVersion = 17.11.35312.102
MinimumVisualStudioVersion = 10.0.40219.1
Project("{FAE04EC0-301F-11D3-BF4B-00C04F79EFBC}") = "API_EXAMEN_APP", "API_EXAMEN_APP.csproj", "{6728E2D3-8B55-4F52-8145-3AEF5A6B4A53}"
EndProject
Global
	GlobalSection(SolutionConfigurationPlatforms) = preSolution
		Debug|Any CPU = Debug|Any CPU
		Release|Any CPU = Release|Any CPU
	EndGlobalSection
	GlobalSection(ProjectConfigurationPlatforms) = postSolution
		{6728E2D3-8B55-4F52-8145-3AEF5A6B4A53}.Debug|Any CPU.ActiveCfg = Debug|Any CPU
		{6728E2D3-8B55-4F52-8145-3AEF5A6B4A53}.Debug|Any CPU.Build.0 = Debug|Any CPU
		{6728E2D3-8B55-4F52-8145-3AEF5A6B4A53}.Release|Any CPU.ActiveCfg = Release|Any CPU
		{6728E2D3-8B55-4F52-8145-3AEF5A6B4A53}.Release|Any CPU.Build.0 = Release|Any CPU
	EndGlobalSection
	GlobalSection(SolutionProperties) = preSolution
		HideSolutionNode = FALSE
	EndGlobalSection
	GlobalSection(ExtensibilityGlobals) = postSolution
		SolutionGuid = {2353A39A-487B-4C86-9D25-3348EFDC1581}
	EndGlobalSection
EndGlobal
